// !$*UTF8*$!
{
	archiveVersion = 1;
	classes = {
	};
	objectVersion = 51;
	objects = {

/* Begin PBXBuildFile section */
		0ACA321792010B4A904EEECC /* Pods_LaunchDarkly_Demo.framework in Frameworks */ = {isa = PBXBuildFile; fileRef = FD14305ECB23288B687A633E /* Pods_LaunchDarkly_Demo.framework */; };
		F54E3D2126029964004EE07E /* AppDelegate.swift in Sources */ = {isa = PBXBuildFile; fileRef = F54E3D2026029964004EE07E /* AppDelegate.swift */; };
		F54E3D2326029964004EE07E /* SceneDelegate.swift in Sources */ = {isa = PBXBuildFile; fileRef = F54E3D2226029964004EE07E /* SceneDelegate.swift */; };
		F54E3D2526029964004EE07E /* ViewController.swift in Sources */ = {isa = PBXBuildFile; fileRef = F54E3D2426029964004EE07E /* ViewController.swift */; };
		F54E3D2826029964004EE07E /* Main.storyboard in Resources */ = {isa = PBXBuildFile; fileRef = F54E3D2626029964004EE07E /* Main.storyboard */; };
		F54E3D2A26029967004EE07E /* Assets.xcassets in Resources */ = {isa = PBXBuildFile; fileRef = F54E3D2926029967004EE07E /* Assets.xcassets */; };
		F54E3D2D26029967004EE07E /* LaunchScreen.storyboard in Resources */ = {isa = PBXBuildFile; fileRef = F54E3D2B26029967004EE07E /* LaunchScreen.storyboard */; };
		F54E3D3826029967004EE07E /* LaunchDarkly_DemoTests.swift in Sources */ = {isa = PBXBuildFile; fileRef = F54E3D3726029967004EE07E /* LaunchDarkly_DemoTests.swift */; };
		F54E3D4326029967004EE07E /* LaunchDarkly_DemoUITests.swift in Sources */ = {isa = PBXBuildFile; fileRef = F54E3D4226029967004EE07E /* LaunchDarkly_DemoUITests.swift */; };
/* End PBXBuildFile section */

/* Begin PBXContainerItemProxy section */
		F54E3D3426029967004EE07E /* PBXContainerItemProxy */ = {
			isa = PBXContainerItemProxy;
			containerPortal = F54E3D1526029964004EE07E /* Project object */;
			proxyType = 1;
			remoteGlobalIDString = F54E3D1C26029964004EE07E;
			remoteInfo = LaunchDarkly_Demo;
		};
		F54E3D3F26029967004EE07E /* PBXContainerItemProxy */ = {
			isa = PBXContainerItemProxy;
			containerPortal = F54E3D1526029964004EE07E /* Project object */;
			proxyType = 1;
			remoteGlobalIDString = F54E3D1C26029964004EE07E;
			remoteInfo = LaunchDarkly_Demo;
		};
/* End PBXContainerItemProxy section */

/* Begin PBXFileReference section */
		5709A371528F90996895FA1D /* Pods-LaunchDarkly_Demo.debug.xcconfig */ = {isa = PBXFileReference; includeInIndex = 1; lastKnownFileType = text.xcconfig; name = "Pods-LaunchDarkly_Demo.debug.xcconfig"; path = "Target Support Files/Pods-LaunchDarkly_Demo/Pods-LaunchDarkly_Demo.debug.xcconfig"; sourceTree = "<group>"; };
		BEEE423214D9172D6A3324A9 /* Pods-LaunchDarkly_Demo.release.xcconfig */ = {isa = PBXFileReference; includeInIndex = 1; lastKnownFileType = text.xcconfig; name = "Pods-LaunchDarkly_Demo.release.xcconfig"; path = "Target Support Files/Pods-LaunchDarkly_Demo/Pods-LaunchDarkly_Demo.release.xcconfig"; sourceTree = "<group>"; };
		F54E3D1D26029964004EE07E /* LaunchDarkly_Demo.app */ = {isa = PBXFileReference; explicitFileType = wrapper.application; includeInIndex = 0; path = LaunchDarkly_Demo.app; sourceTree = BUILT_PRODUCTS_DIR; };
		F54E3D2026029964004EE07E /* AppDelegate.swift */ = {isa = PBXFileReference; lastKnownFileType = sourcecode.swift; path = AppDelegate.swift; sourceTree = "<group>"; };
		F54E3D2226029964004EE07E /* SceneDelegate.swift */ = {isa = PBXFileReference; lastKnownFileType = sourcecode.swift; path = SceneDelegate.swift; sourceTree = "<group>"; };
		F54E3D2426029964004EE07E /* ViewController.swift */ = {isa = PBXFileReference; lastKnownFileType = sourcecode.swift; path = ViewController.swift; sourceTree = "<group>"; };
		F54E3D2726029964004EE07E /* Base */ = {isa = PBXFileReference; lastKnownFileType = file.storyboard; name = Base; path = Base.lproj/Main.storyboard; sourceTree = "<group>"; };
		F54E3D2926029967004EE07E /* Assets.xcassets */ = {isa = PBXFileReference; lastKnownFileType = folder.assetcatalog; path = Assets.xcassets; sourceTree = "<group>"; };
		F54E3D2C26029967004EE07E /* Base */ = {isa = PBXFileReference; lastKnownFileType = file.storyboard; name = Base; path = Base.lproj/LaunchScreen.storyboard; sourceTree = "<group>"; };
		F54E3D2E26029967004EE07E /* Info.plist */ = {isa = PBXFileReference; lastKnownFileType = text.plist.xml; path = Info.plist; sourceTree = "<group>"; };
		F54E3D3326029967004EE07E /* LaunchDarkly_DemoTests.xctest */ = {isa = PBXFileReference; explicitFileType = wrapper.cfbundle; includeInIndex = 0; path = LaunchDarkly_DemoTests.xctest; sourceTree = BUILT_PRODUCTS_DIR; };
		F54E3D3726029967004EE07E /* LaunchDarkly_DemoTests.swift */ = {isa = PBXFileReference; lastKnownFileType = sourcecode.swift; path = LaunchDarkly_DemoTests.swift; sourceTree = "<group>"; };
		F54E3D3926029967004EE07E /* Info.plist */ = {isa = PBXFileReference; lastKnownFileType = text.plist.xml; path = Info.plist; sourceTree = "<group>"; };
		F54E3D3E26029967004EE07E /* LaunchDarkly_DemoUITests.xctest */ = {isa = PBXFileReference; explicitFileType = wrapper.cfbundle; includeInIndex = 0; path = LaunchDarkly_DemoUITests.xctest; sourceTree = BUILT_PRODUCTS_DIR; };
		F54E3D4226029967004EE07E /* LaunchDarkly_DemoUITests.swift */ = {isa = PBXFileReference; lastKnownFileType = sourcecode.swift; path = LaunchDarkly_DemoUITests.swift; sourceTree = "<group>"; };
		F54E3D4426029967004EE07E /* Info.plist */ = {isa = PBXFileReference; lastKnownFileType = text.plist.xml; path = Info.plist; sourceTree = "<group>"; };
		FD14305ECB23288B687A633E /* Pods_LaunchDarkly_Demo.framework */ = {isa = PBXFileReference; explicitFileType = wrapper.framework; includeInIndex = 0; path = Pods_LaunchDarkly_Demo.framework; sourceTree = BUILT_PRODUCTS_DIR; };
/* End PBXFileReference section */

/* Begin PBXFrameworksBuildPhase section */
		F54E3D1A26029964004EE07E /* Frameworks */ = {
			isa = PBXFrameworksBuildPhase;
			buildActionMask = 2147483647;
			files = (
				0ACA321792010B4A904EEECC /* Pods_LaunchDarkly_Demo.framework in Frameworks */,
			);
			runOnlyForDeploymentPostprocessing = 0;
		};
		F54E3D3026029967004EE07E /* Frameworks */ = {
			isa = PBXFrameworksBuildPhase;
			buildActionMask = 2147483647;
			files = (
			);
			runOnlyForDeploymentPostprocessing = 0;
		};
		F54E3D3B26029967004EE07E /* Frameworks */ = {
			isa = PBXFrameworksBuildPhase;
			buildActionMask = 2147483647;
			files = (
			);
			runOnlyForDeploymentPostprocessing = 0;
		};
/* End PBXFrameworksBuildPhase section */

/* Begin PBXGroup section */
		31EB0A37A5AAA9133E0D1BAA /* Frameworks */ = {
			isa = PBXGroup;
			children = (
				FD14305ECB23288B687A633E /* Pods_LaunchDarkly_Demo.framework */,
			);
			name = Frameworks;
			sourceTree = "<group>";
		};
		F25A54D4F7A0887165B9DD3C /* Pods */ = {
			isa = PBXGroup;
			children = (
				5709A371528F90996895FA1D /* Pods-LaunchDarkly_Demo.debug.xcconfig */,
				BEEE423214D9172D6A3324A9 /* Pods-LaunchDarkly_Demo.release.xcconfig */,
			);
			path = Pods;
			sourceTree = "<group>";
		};
		F54E3D1426029964004EE07E = {
			isa = PBXGroup;
			children = (
				F54E3D1F26029964004EE07E /* LaunchDarkly_Demo */,
				F54E3D3626029967004EE07E /* LaunchDarkly_DemoTests */,
				F54E3D4126029967004EE07E /* LaunchDarkly_DemoUITests */,
				F54E3D1E26029964004EE07E /* Products */,
				F25A54D4F7A0887165B9DD3C /* Pods */,
				31EB0A37A5AAA9133E0D1BAA /* Frameworks */,
			);
			sourceTree = "<group>";
		};
		F54E3D1E26029964004EE07E /* Products */ = {
			isa = PBXGroup;
			children = (
				F54E3D1D26029964004EE07E /* LaunchDarkly_Demo.app */,
				F54E3D3326029967004EE07E /* LaunchDarkly_DemoTests.xctest */,
				F54E3D3E26029967004EE07E /* LaunchDarkly_DemoUITests.xctest */,
			);
			name = Products;
			sourceTree = "<group>";
		};
		F54E3D1F26029964004EE07E /* LaunchDarkly_Demo */ = {
			isa = PBXGroup;
			children = (
				F54E3D2026029964004EE07E /* AppDelegate.swift */,
				F54E3D2226029964004EE07E /* SceneDelegate.swift */,
				F54E3D2426029964004EE07E /* ViewController.swift */,
				F54E3D2626029964004EE07E /* Main.storyboard */,
				F54E3D2926029967004EE07E /* Assets.xcassets */,
				F54E3D2B26029967004EE07E /* LaunchScreen.storyboard */,
				F54E3D2E26029967004EE07E /* Info.plist */,
			);
			path = LaunchDarkly_Demo;
			sourceTree = "<group>";
		};
		F54E3D3626029967004EE07E /* LaunchDarkly_DemoTests */ = {
			isa = PBXGroup;
			children = (
				F54E3D3726029967004EE07E /* LaunchDarkly_DemoTests.swift */,
				F54E3D3926029967004EE07E /* Info.plist */,
			);
			path = LaunchDarkly_DemoTests;
			sourceTree = "<group>";
		};
		F54E3D4126029967004EE07E /* LaunchDarkly_DemoUITests */ = {
			isa = PBXGroup;
			children = (
				F54E3D4226029967004EE07E /* LaunchDarkly_DemoUITests.swift */,
				F54E3D4426029967004EE07E /* Info.plist */,
			);
			path = LaunchDarkly_DemoUITests;
			sourceTree = "<group>";
		};
/* End PBXGroup section */

/* Begin PBXNativeTarget section */
		F54E3D1C26029964004EE07E /* LaunchDarkly_Demo */ = {
			isa = PBXNativeTarget;
			buildConfigurationList = F54E3D4726029967004EE07E /* Build configuration list for PBXNativeTarget "LaunchDarkly_Demo" */;
			buildPhases = (
				A46371511C654B377FC7D290 /* [CP] Check Pods Manifest.lock */,
				F54E3D1926029964004EE07E /* Sources */,
				F54E3D1A26029964004EE07E /* Frameworks */,
				F54E3D1B26029964004EE07E /* Resources */,
				750AA3666DA66C4E786D30DC /* [CP] Embed Pods Frameworks */,
			);
			buildRules = (
			);
			dependencies = (
			);
			name = LaunchDarkly_Demo;
			productName = LaunchDarkly_Demo;
			productReference = F54E3D1D26029964004EE07E /* LaunchDarkly_Demo.app */;
			productType = "com.apple.product-type.application";
		};
		F54E3D3226029967004EE07E /* LaunchDarkly_DemoTests */ = {
			isa = PBXNativeTarget;
			buildConfigurationList = F54E3D4A26029967004EE07E /* Build configuration list for PBXNativeTarget "LaunchDarkly_DemoTests" */;
			buildPhases = (
				F54E3D2F26029967004EE07E /* Sources */,
				F54E3D3026029967004EE07E /* Frameworks */,
				F54E3D3126029967004EE07E /* Resources */,
			);
			buildRules = (
			);
			dependencies = (
				F54E3D3526029967004EE07E /* PBXTargetDependency */,
			);
			name = LaunchDarkly_DemoTests;
			productName = LaunchDarkly_DemoTests;
			productReference = F54E3D3326029967004EE07E /* LaunchDarkly_DemoTests.xctest */;
			productType = "com.apple.product-type.bundle.unit-test";
		};
		F54E3D3D26029967004EE07E /* LaunchDarkly_DemoUITests */ = {
			isa = PBXNativeTarget;
			buildConfigurationList = F54E3D4D26029967004EE07E /* Build configuration list for PBXNativeTarget "LaunchDarkly_DemoUITests" */;
			buildPhases = (
				F54E3D3A26029967004EE07E /* Sources */,
				F54E3D3B26029967004EE07E /* Frameworks */,
				F54E3D3C26029967004EE07E /* Resources */,
			);
			buildRules = (
			);
			dependencies = (
				F54E3D4026029967004EE07E /* PBXTargetDependency */,
			);
			name = LaunchDarkly_DemoUITests;
			productName = LaunchDarkly_DemoUITests;
			productReference = F54E3D3E26029967004EE07E /* LaunchDarkly_DemoUITests.xctest */;
			productType = "com.apple.product-type.bundle.ui-testing";
		};
/* End PBXNativeTarget section */

/* Begin PBXProject section */
		F54E3D1526029964004EE07E /* Project object */ = {
			isa = PBXProject;
			attributes = {
				LastSwiftUpdateCheck = 1240;
				LastUpgradeCheck = 1240;
				TargetAttributes = {
					F54E3D1C26029964004EE07E = {
						CreatedOnToolsVersion = 12.4;
					};
					F54E3D3226029967004EE07E = {
						CreatedOnToolsVersion = 12.4;
						TestTargetID = F54E3D1C26029964004EE07E;
					};
					F54E3D3D26029967004EE07E = {
						CreatedOnToolsVersion = 12.4;
						TestTargetID = F54E3D1C26029964004EE07E;
					};
				};
			};
			buildConfigurationList = F54E3D1826029964004EE07E /* Build configuration list for PBXProject "LaunchDarkly_Demo" */;
			compatibilityVersion = "Xcode 9.3";
			developmentRegion = en;
			hasScannedForEncodings = 0;
			knownRegions = (
				en,
				Base,
			);
			mainGroup = F54E3D1426029964004EE07E;
			productRefGroup = F54E3D1E26029964004EE07E /* Products */;
			projectDirPath = "";
			projectRoot = "";
			targets = (
				F54E3D1C26029964004EE07E /* LaunchDarkly_Demo */,
				F54E3D3226029967004EE07E /* LaunchDarkly_DemoTests */,
				F54E3D3D26029967004EE07E /* LaunchDarkly_DemoUITests */,
			);
		};
/* End PBXProject section */

/* Begin PBXResourcesBuildPhase section */
		F54E3D1B26029964004EE07E /* Resources */ = {
			isa = PBXResourcesBuildPhase;
			buildActionMask = 2147483647;
			files = (
				F54E3D2D26029967004EE07E /* LaunchScreen.storyboard in Resources */,
				F54E3D2A26029967004EE07E /* Assets.xcassets in Resources */,
				F54E3D2826029964004EE07E /* Main.storyboard in Resources */,
			);
			runOnlyForDeploymentPostprocessing = 0;
		};
		F54E3D3126029967004EE07E /* Resources */ = {
			isa = PBXResourcesBuildPhase;
			buildActionMask = 2147483647;
			files = (
			);
			runOnlyForDeploymentPostprocessing = 0;
		};
		F54E3D3C26029967004EE07E /* Resources */ = {
			isa = PBXResourcesBuildPhase;
			buildActionMask = 2147483647;
			files = (
			);
			runOnlyForDeploymentPostprocessing = 0;
		};
/* End PBXResourcesBuildPhase section */

/* Begin PBXShellScriptBuildPhase section */
		750AA3666DA66C4E786D30DC /* [CP] Embed Pods Frameworks */ = {
			isa = PBXShellScriptBuildPhase;
			buildActionMask = 2147483647;
			files = (
			);
			inputFileListPaths = (
				"${PODS_ROOT}/Target Support Files/Pods-LaunchDarkly_Demo/Pods-LaunchDarkly_Demo-frameworks-${CONFIGURATION}-input-files.xcfilelist",
			);
			name = "[CP] Embed Pods Frameworks";
			outputFileListPaths = (
				"${PODS_ROOT}/Target Support Files/Pods-LaunchDarkly_Demo/Pods-LaunchDarkly_Demo-frameworks-${CONFIGURATION}-output-files.xcfilelist",
			);
			runOnlyForDeploymentPostprocessing = 0;
			shellPath = /bin/sh;
			shellScript = "\"${PODS_ROOT}/Target Support Files/Pods-LaunchDarkly_Demo/Pods-LaunchDarkly_Demo-frameworks.sh\"\n";
			showEnvVarsInLog = 0;
		};
		A46371511C654B377FC7D290 /* [CP] Check Pods Manifest.lock */ = {
			isa = PBXShellScriptBuildPhase;
			buildActionMask = 2147483647;
			files = (
			);
			inputFileListPaths = (
			);
			inputPaths = (
				"${PODS_PODFILE_DIR_PATH}/Podfile.lock",
				"${PODS_ROOT}/Manifest.lock",
			);
			name = "[CP] Check Pods Manifest.lock";
			outputFileListPaths = (
			);
			outputPaths = (
				"$(DERIVED_FILE_DIR)/Pods-LaunchDarkly_Demo-checkManifestLockResult.txt",
			);
			runOnlyForDeploymentPostprocessing = 0;
			shellPath = /bin/sh;
			shellScript = "diff \"${PODS_PODFILE_DIR_PATH}/Podfile.lock\" \"${PODS_ROOT}/Manifest.lock\" > /dev/null\nif [ $? != 0 ] ; then\n    # print error to STDERR\n    echo \"error: The sandbox is not in sync with the Podfile.lock. Run 'pod install' or update your CocoaPods installation.\" >&2\n    exit 1\nfi\n# This output is used by Xcode 'outputs' to avoid re-running this script phase.\necho \"SUCCESS\" > \"${SCRIPT_OUTPUT_FILE_0}\"\n";
			showEnvVarsInLog = 0;
		};
/* End PBXShellScriptBuildPhase section */

/* Begin PBXSourcesBuildPhase section */
		F54E3D1926029964004EE07E /* Sources */ = {
			isa = PBXSourcesBuildPhase;
			buildActionMask = 2147483647;
			files = (
				F54E3D2526029964004EE07E /* ViewController.swift in Sources */,
				F54E3D2126029964004EE07E /* AppDelegate.swift in Sources */,
				F54E3D2326029964004EE07E /* SceneDelegate.swift in Sources */,
			);
			runOnlyForDeploymentPostprocessing = 0;
		};
		F54E3D2F26029967004EE07E /* Sources */ = {
			isa = PBXSourcesBuildPhase;
			buildActionMask = 2147483647;
			files = (
				F54E3D3826029967004EE07E /* LaunchDarkly_DemoTests.swift in Sources */,
			);
			runOnlyForDeploymentPostprocessing = 0;
		};
		F54E3D3A26029967004EE07E /* Sources */ = {
			isa = PBXSourcesBuildPhase;
			buildActionMask = 2147483647;
			files = (
				F54E3D4326029967004EE07E /* LaunchDarkly_DemoUITests.swift in Sources */,
			);
			runOnlyForDeploymentPostprocessing = 0;
		};
/* End PBXSourcesBuildPhase section */

/* Begin PBXTargetDependency section */
		F54E3D3526029967004EE07E /* PBXTargetDependency */ = {
			isa = PBXTargetDependency;
			target = F54E3D1C26029964004EE07E /* LaunchDarkly_Demo */;
			targetProxy = F54E3D3426029967004EE07E /* PBXContainerItemProxy */;
		};
		F54E3D4026029967004EE07E /* PBXTargetDependency */ = {
			isa = PBXTargetDependency;
			target = F54E3D1C26029964004EE07E /* LaunchDarkly_Demo */;
			targetProxy = F54E3D3F26029967004EE07E /* PBXContainerItemProxy */;
		};
/* End PBXTargetDependency section */

/* Begin PBXVariantGroup section */
		F54E3D2626029964004EE07E /* Main.storyboard */ = {
			isa = PBXVariantGroup;
			children = (
				F54E3D2726029964004EE07E /* Base */,
			);
			name = Main.storyboard;
			sourceTree = "<group>";
		};
		F54E3D2B26029967004EE07E /* LaunchScreen.storyboard */ = {
			isa = PBXVariantGroup;
			children = (
				F54E3D2C26029967004EE07E /* Base */,
			);
			name = LaunchScreen.storyboard;
			sourceTree = "<group>";
		};
/* End PBXVariantGroup section */

/* Begin XCBuildConfiguration section */
		F54E3D4526029967004EE07E /* Debug */ = {
			isa = XCBuildConfiguration;
			buildSettings = {
				ALWAYS_SEARCH_USER_PATHS = NO;
				CLANG_ANALYZER_NONNULL = YES;
				CLANG_ANALYZER_NUMBER_OBJECT_CONVERSION = YES_AGGRESSIVE;
				CLANG_CXX_LANGUAGE_STANDARD = "gnu++14";
				CLANG_CXX_LIBRARY = "libc++";
				CLANG_ENABLE_MODULES = YES;
				CLANG_ENABLE_OBJC_ARC = YES;
				CLANG_ENABLE_OBJC_WEAK = YES;
				CLANG_WARN_BLOCK_CAPTURE_AUTORELEASING = YES;
				CLANG_WARN_BOOL_CONVERSION = YES;
				CLANG_WARN_COMMA = YES;
				CLANG_WARN_CONSTANT_CONVERSION = YES;
				CLANG_WARN_DEPRECATED_OBJC_IMPLEMENTATIONS = YES;
				CLANG_WARN_DIRECT_OBJC_ISA_USAGE = YES_ERROR;
				CLANG_WARN_DOCUMENTATION_COMMENTS = YES;
				CLANG_WARN_EMPTY_BODY = YES;
				CLANG_WARN_ENUM_CONVERSION = YES;
				CLANG_WARN_INFINITE_RECURSION = YES;
				CLANG_WARN_INT_CONVERSION = YES;
				CLANG_WARN_NON_LITERAL_NULL_CONVERSION = YES;
				CLANG_WARN_OBJC_IMPLICIT_RETAIN_SELF = YES;
				CLANG_WARN_OBJC_LITERAL_CONVERSION = YES;
				CLANG_WARN_OBJC_ROOT_CLASS = YES_ERROR;
				CLANG_WARN_QUOTED_INCLUDE_IN_FRAMEWORK_HEADER = YES;
				CLANG_WARN_RANGE_LOOP_ANALYSIS = YES;
				CLANG_WARN_STRICT_PROTOTYPES = YES;
				CLANG_WARN_SUSPICIOUS_MOVE = YES;
				CLANG_WARN_UNGUARDED_AVAILABILITY = YES_AGGRESSIVE;
				CLANG_WARN_UNREACHABLE_CODE = YES;
				CLANG_WARN__DUPLICATE_METHOD_MATCH = YES;
				COPY_PHASE_STRIP = NO;
				DEBUG_INFORMATION_FORMAT = dwarf;
				ENABLE_STRICT_OBJC_MSGSEND = YES;
				ENABLE_TESTABILITY = YES;
				GCC_C_LANGUAGE_STANDARD = gnu11;
				GCC_DYNAMIC_NO_PIC = NO;
				GCC_NO_COMMON_BLOCKS = YES;
				GCC_OPTIMIZATION_LEVEL = 0;
				GCC_PREPROCESSOR_DEFINITIONS = (
					"DEBUG=1",
					"$(inherited)",
				);
				GCC_WARN_64_TO_32_BIT_CONVERSION = YES;
				GCC_WARN_ABOUT_RETURN_TYPE = YES_ERROR;
				GCC_WARN_UNDECLARED_SELECTOR = YES;
				GCC_WARN_UNINITIALIZED_AUTOS = YES_AGGRESSIVE;
				GCC_WARN_UNUSED_FUNCTION = YES;
				GCC_WARN_UNUSED_VARIABLE = YES;
				IPHONEOS_DEPLOYMENT_TARGET = 14.4;
				MTL_ENABLE_DEBUG_INFO = INCLUDE_SOURCE;
				MTL_FAST_MATH = YES;
				ONLY_ACTIVE_ARCH = YES;
				SDKROOT = iphoneos;
				SWIFT_ACTIVE_COMPILATION_CONDITIONS = DEBUG;
				SWIFT_OPTIMIZATION_LEVEL = "-Onone";
			};
			name = Debug;
		};
		F54E3D4626029967004EE07E /* Release */ = {
			isa = XCBuildConfiguration;
			buildSettings = {
				ALWAYS_SEARCH_USER_PATHS = NO;
				CLANG_ANALYZER_NONNULL = YES;
				CLANG_ANALYZER_NUMBER_OBJECT_CONVERSION = YES_AGGRESSIVE;
				CLANG_CXX_LANGUAGE_STANDARD = "gnu++14";
				CLANG_CXX_LIBRARY = "libc++";
				CLANG_ENABLE_MODULES = YES;
				CLANG_ENABLE_OBJC_ARC = YES;
				CLANG_ENABLE_OBJC_WEAK = YES;
				CLANG_WARN_BLOCK_CAPTURE_AUTORELEASING = YES;
				CLANG_WARN_BOOL_CONVERSION = YES;
				CLANG_WARN_COMMA = YES;
				CLANG_WARN_CONSTANT_CONVERSION = YES;
				CLANG_WARN_DEPRECATED_OBJC_IMPLEMENTATIONS = YES;
				CLANG_WARN_DIRECT_OBJC_ISA_USAGE = YES_ERROR;
				CLANG_WARN_DOCUMENTATION_COMMENTS = YES;
				CLANG_WARN_EMPTY_BODY = YES;
				CLANG_WARN_ENUM_CONVERSION = YES;
				CLANG_WARN_INFINITE_RECURSION = YES;
				CLANG_WARN_INT_CONVERSION = YES;
				CLANG_WARN_NON_LITERAL_NULL_CONVERSION = YES;
				CLANG_WARN_OBJC_IMPLICIT_RETAIN_SELF = YES;
				CLANG_WARN_OBJC_LITERAL_CONVERSION = YES;
				CLANG_WARN_OBJC_ROOT_CLASS = YES_ERROR;
				CLANG_WARN_QUOTED_INCLUDE_IN_FRAMEWORK_HEADER = YES;
				CLANG_WARN_RANGE_LOOP_ANALYSIS = YES;
				CLANG_WARN_STRICT_PROTOTYPES = YES;
				CLANG_WARN_SUSPICIOUS_MOVE = YES;
				CLANG_WARN_UNGUARDED_AVAILABILITY = YES_AGGRESSIVE;
				CLANG_WARN_UNREACHABLE_CODE = YES;
				CLANG_WARN__DUPLICATE_METHOD_MATCH = YES;
				COPY_PHASE_STRIP = NO;
				DEBUG_INFORMATION_FORMAT = "dwarf-with-dsym";
				ENABLE_NS_ASSERTIONS = NO;
				ENABLE_STRICT_OBJC_MSGSEND = YES;
				GCC_C_LANGUAGE_STANDARD = gnu11;
				GCC_NO_COMMON_BLOCKS = YES;
				GCC_WARN_64_TO_32_BIT_CONVERSION = YES;
				GCC_WARN_ABOUT_RETURN_TYPE = YES_ERROR;
				GCC_WARN_UNDECLARED_SELECTOR = YES;
				GCC_WARN_UNINITIALIZED_AUTOS = YES_AGGRESSIVE;
				GCC_WARN_UNUSED_FUNCTION = YES;
				GCC_WARN_UNUSED_VARIABLE = YES;
				IPHONEOS_DEPLOYMENT_TARGET = 14.4;
				MTL_ENABLE_DEBUG_INFO = NO;
				MTL_FAST_MATH = YES;
				SDKROOT = iphoneos;
				SWIFT_COMPILATION_MODE = wholemodule;
				SWIFT_OPTIMIZATION_LEVEL = "-O";
				VALIDATE_PRODUCT = YES;
			};
			name = Release;
		};
		F54E3D4826029967004EE07E /* Debug */ = {
			isa = XCBuildConfiguration;
			baseConfigurationReference = 5709A371528F90996895FA1D /* Pods-LaunchDarkly_Demo.debug.xcconfig */;
			buildSettings = {
				ASSETCATALOG_COMPILER_APPICON_NAME = AppIcon;
				ASSETCATALOG_COMPILER_GLOBAL_ACCENT_COLOR_NAME = AccentColor;
				CODE_SIGN_STYLE = Automatic;
				DEVELOPMENT_TEAM = V2DGLA369K;
				INFOPLIST_FILE = LaunchDarkly_Demo/Info.plist;
				IPHONEOS_DEPLOYMENT_TARGET = 14.1;
				LD_RUNPATH_SEARCH_PATHS = (
					"$(inherited)",
					"@executable_path/Frameworks",
				);
				PRODUCT_BUNDLE_IDENTIFIER = "com.ionburst.LaunchDarkly-Demo";
				PRODUCT_NAME = "$(TARGET_NAME)";
				SWIFT_VERSION = 5.0;
				TARGETED_DEVICE_FAMILY = 1;
			};
			name = Debug;
		};
		F54E3D4926029967004EE07E /* Release */ = {
			isa = XCBuildConfiguration;
			baseConfigurationReference = BEEE423214D9172D6A3324A9 /* Pods-LaunchDarkly_Demo.release.xcconfig */;
			buildSettings = {
				ASSETCATALOG_COMPILER_APPICON_NAME = AppIcon;
				ASSETCATALOG_COMPILER_GLOBAL_ACCENT_COLOR_NAME = AccentColor;
				CODE_SIGN_STYLE = Automatic;
				DEVELOPMENT_TEAM = V2DGLA369K;
				INFOPLIST_FILE = LaunchDarkly_Demo/Info.plist;
				IPHONEOS_DEPLOYMENT_TARGET = 14.1;
				LD_RUNPATH_SEARCH_PATHS = (
					"$(inherited)",
					"@executable_path/Frameworks",
				);
				PRODUCT_BUNDLE_IDENTIFIER = "com.ionburst.LaunchDarkly-Demo";
				PRODUCT_NAME = "$(TARGET_NAME)";
				SWIFT_VERSION = 5.0;
				TARGETED_DEVICE_FAMILY = 1;
			};
			name = Release;
		};
		F54E3D4B26029967004EE07E /* Debug */ = {
			isa = XCBuildConfiguration;
			buildSettings = {
				ALWAYS_EMBED_SWIFT_STANDARD_LIBRARIES = YES;
				BUNDLE_LOADER = "$(TEST_HOST)";
				CODE_SIGN_STYLE = Automatic;
				DEVELOPMENT_TEAM = V2DGLA369K;
				INFOPLIST_FILE = LaunchDarkly_DemoTests/Info.plist;
				IPHONEOS_DEPLOYMENT_TARGET = 14.4;
				LD_RUNPATH_SEARCH_PATHS = (
					"$(inherited)",
					"@executable_path/Frameworks",
					"@loader_path/Frameworks",
				);
				PRODUCT_BUNDLE_IDENTIFIER = "com.ionburst.LaunchDarkly-DemoTests";
				PRODUCT_NAME = "$(TARGET_NAME)";
				SWIFT_VERSION = 5.0;
				TARGETED_DEVICE_FAMILY = "1,2";
				TEST_HOST = "$(BUILT_PRODUCTS_DIR)/LaunchDarkly_Demo.app/LaunchDarkly_Demo";
			};
			name = Debug;
		};
		F54E3D4C26029967004EE07E /* Release */ = {
			isa = XCBuildConfiguration;
			buildSettings = {
				ALWAYS_EMBED_SWIFT_STANDARD_LIBRARIES = YES;
				BUNDLE_LOADER = "$(TEST_HOST)";
				CODE_SIGN_STYLE = Automatic;
				DEVELOPMENT_TEAM = V2DGLA369K;
				INFOPLIST_FILE = LaunchDarkly_DemoTests/Info.plist;
				IPHONEOS_DEPLOYMENT_TARGET = 14.4;
				LD_RUNPATH_SEARCH_PATHS = (
					"$(inherited)",
					"@executable_path/Frameworks",
					"@loader_path/Frameworks",
				);
				PRODUCT_BUNDLE_IDENTIFIER = "com.ionburst.LaunchDarkly-DemoTests";
				PRODUCT_NAME = "$(TARGET_NAME)";
				SWIFT_VERSION = 5.0;
				TARGETED_DEVICE_FAMILY = "1,2";
				TEST_HOST = "$(BUILT_PRODUCTS_DIR)/LaunchDarkly_Demo.app/LaunchDarkly_Demo";
			};
			name = Release;
		};
		F54E3D4E26029967004EE07E /* Debug */ = {
			isa = XCBuildConfiguration;
			buildSettings = {
				ALWAYS_EMBED_SWIFT_STANDARD_LIBRARIES = YES;
				CODE_SIGN_STYLE = Automatic;
				DEVELOPMENT_TEAM = V2DGLA369K;
				INFOPLIST_FILE = LaunchDarkly_DemoUITests/Info.plist;
				LD_RUNPATH_SEARCH_PATHS = (
					"$(inherited)",
					"@executable_path/Frameworks",
					"@loader_path/Frameworks",
				);
				PRODUCT_BUNDLE_IDENTIFIER = "com.ionburst.LaunchDarkly-DemoUITests";
				PRODUCT_NAME = "$(TARGET_NAME)";
				SWIFT_VERSION = 5.0;
				TARGETED_DEVICE_FAMILY = "1,2";
				TEST_TARGET_NAME = LaunchDarkly_Demo;
			};
			name = Debug;
		};
		F54E3D4F26029967004EE07E /* Release */ = {
			isa = XCBuildConfiguration;
			buildSettings = {
				ALWAYS_EMBED_SWIFT_STANDARD_LIBRARIES = YES;
				CODE_SIGN_STYLE = Automatic;
				DEVELOPMENT_TEAM = V2DGLA369K;
				INFOPLIST_FILE = LaunchDarkly_DemoUITests/Info.plist;
				LD_RUNPATH_SEARCH_PATHS = (
					"$(inherited)",
					"@executable_path/Frameworks",
					"@loader_path/Frameworks",
				);
				PRODUCT_BUNDLE_IDENTIFIER = "com.ionburst.LaunchDarkly-DemoUITests";
				PRODUCT_NAME = "$(TARGET_NAME)";
				SWIFT_VERSION = 5.0;
				TARGETED_DEVICE_FAMILY = "1,2";
				TEST_TARGET_NAME = LaunchDarkly_Demo;
			};
			name = Release;
		};
/* End XCBuildConfiguration section */

/* Begin XCConfigurationList section */
		F54E3D1826029964004EE07E /* Build configuration list for PBXProject "LaunchDarkly_Demo" */ = {
			isa = XCConfigurationList;
			buildConfigurations = (
				F54E3D4526029967004EE07E /* Debug */,
				F54E3D4626029967004EE07E /* Release */,
			);
			defaultConfigurationIsVisible = 0;
			defaultConfigurationName = Release;
		};
		F54E3D4726029967004EE07E /* Build configuration list for PBXNativeTarget "LaunchDarkly_Demo" */ = {
			isa = XCConfigurationList;
			buildConfigurations = (
				F54E3D4826029967004EE07E /* Debug */,
				F54E3D4926029967004EE07E /* Release */,
			);
			defaultConfigurationIsVisible = 0;
			defaultConfigurationName = Release;
		};
		F54E3D4A26029967004EE07E /* Build configuration list for PBXNativeTarget "LaunchDarkly_DemoTests" */ = {
			isa = XCConfigurationList;
			buildConfigurations = (
				F54E3D4B26029967004EE07E /* Debug */,
				F54E3D4C26029967004EE07E /* Release */,
			);
			defaultConfigurationIsVisible = 0;
			defaultConfigurationName = Release;
		};
		F54E3D4D26029967004EE07E /* Build configuration list for PBXNativeTarget "LaunchDarkly_DemoUITests" */ = {
			isa = XCConfigurationList;
			buildConfigurations = (
				F54E3D4E26029967004EE07E /* Debug */,
				F54E3D4F26029967004EE07E /* Release */,
			);
			defaultConfigurationIsVisible = 0;
			defaultConfigurationName = Release;
		};
/* End XCConfigurationList section */
	};
	rootObject = F54E3D1526029964004EE07E /* Project object */;
}
